
Microsoft Visual Studio Solution File, Format Version 12.00
# Visual Studio Version 16
VisualStudioVersion = 16.0.29123.88
MinimumVisualStudioVersion = 10.0.40219.1
Project("{9A19103F-16F7-4668-BE54-9A1E7A4F7556}") = "WebAPI", "WebAPI\WebAPI.csproj", "{8620EE3A-9635-4E4B-9100-9BAFA256CF65}"
EndProject
Project("{FAE04EC0-301F-11D3-BF4B-00C04F79EFBC}") = "MathService", "MathService\MathService.csproj", "{7F39CBD5-AF83-4011-8095-A380F9B08050}"
EndProject
Project("{151D2E53-A2C4-4D7D-83FE-D05416EBD58E}") = "AzureTemplate", "AzureTemplate\AzureTemplate.deployproj", "{33B5013D-745B-45CF-B70B-26BFCD3CA950}"
EndProject
Global
	GlobalSection(SolutionConfigurationPlatforms) = preSolution
		Debug|Any CPU = Debug|Any CPU
		Release|Any CPU = Release|Any CPU
	EndGlobalSection
	GlobalSection(ProjectConfigurationPlatforms) = postSolution
		{8620EE3A-9635-4E4B-9100-9BAFA256CF65}.Debug|Any CPU.ActiveCfg = Debug|Any CPU
		{8620EE3A-9635-4E4B-9100-9BAFA256CF65}.Debug|Any CPU.Build.0 = Debug|Any CPU
		{8620EE3A-9635-4E4B-9100-9BAFA256CF65}.Release|Any CPU.ActiveCfg = Release|Any CPU
		{8620EE3A-9635-4E4B-9100-9BAFA256CF65}.Release|Any CPU.Build.0 = Release|Any CPU
		{7F39CBD5-AF83-4011-8095-A380F9B08050}.Debug|Any CPU.ActiveCfg = Debug|Any CPU
		{7F39CBD5-AF83-4011-8095-A380F9B08050}.Debug|Any CPU.Build.0 = Debug|Any CPU
		{7F39CBD5-AF83-4011-8095-A380F9B08050}.Release|Any CPU.ActiveCfg = Release|Any CPU
		{7F39CBD5-AF83-4011-8095-A380F9B08050}.Release|Any CPU.Build.0 = Release|Any CPU
		{33B5013D-745B-45CF-B70B-26BFCD3CA950}.Debug|Any CPU.ActiveCfg = Debug|Any CPU
		{33B5013D-745B-45CF-B70B-26BFCD3CA950}.Debug|Any CPU.Build.0 = Debug|Any CPU
		{33B5013D-745B-45CF-B70B-26BFCD3CA950}.Release|Any CPU.ActiveCfg = Release|Any CPU
		{33B5013D-745B-45CF-B70B-26BFCD3CA950}.Release|Any CPU.Build.0 = Release|Any CPU
	EndGlobalSection
	GlobalSection(SolutionProperties) = preSolution
		HideSolutionNode = FALSE
	EndGlobalSection
	GlobalSection(ExtensibilityGlobals) = postSolution
		SolutionGuid = {DB5CF240-13F9-45DD-92AB-21A473192607}
	EndGlobalSection
EndGlobal
